
Microsoft Visual Studio Solution File, Format Version 12.00
# Visual Studio Version 17
VisualStudioVersion = 17.4.33103.184
MinimumVisualStudioVersion = 10.0.40219.1
Project("{FAE04EC0-301F-11D3-BF4B-00C04F79EFBC}") = "1036", "1036.csproj", "{7FCC9CC4-938A-4266-944D-661D4C1B0424}"
EndProject
Global
	GlobalSection(SolutionConfigurationPlatforms) = preSolution
		Debug|Any CPU = Debug|Any CPU
		Release|Any CPU = Release|Any CPU
	EndGlobalSection
	GlobalSection(ProjectConfigurationPlatforms) = postSolution
		{7FCC9CC4-938A-4266-944D-661D4C1B0424}.Debug|Any CPU.ActiveCfg = Debug|Any CPU
		{7FCC9CC4-938A-4266-944D-661D4C1B0424}.Debug|Any CPU.Build.0 = Debug|Any CPU
		{7FCC9CC4-938A-4266-944D-661D4C1B0424}.Release|Any CPU.ActiveCfg = Release|Any CPU
		{7FCC9CC4-938A-4266-944D-661D4C1B0424}.Release|Any CPU.Build.0 = Release|Any CPU
	EndGlobalSection
	GlobalSection(SolutionProperties) = preSolution
		HideSolutionNode = FALSE
	EndGlobalSection
	GlobalSection(ExtensibilityGlobals) = postSolution
		SolutionGuid = {D42E7D80-E4C3-4F84-BEFB-3E49942FA963}
	EndGlobalSection
EndGlobal
