
Microsoft Visual Studio Solution File, Format Version 12.00
# Visual Studio Version 17
VisualStudioVersion = 17.4.33103.184
MinimumVisualStudioVersion = 10.0.40219.1
Project("{FAE04EC0-301F-11D3-BF4B-00C04F79EFBC}") = "1065", "1065.csproj", "{F4D2E2D4-5C6F-491D-A44C-160FF498972D}"
EndProject
Global
	GlobalSection(SolutionConfigurationPlatforms) = preSolution
		Debug|Any CPU = Debug|Any CPU
		Release|Any CPU = Release|Any CPU
	EndGlobalSection
	GlobalSection(ProjectConfigurationPlatforms) = postSolution
		{F4D2E2D4-5C6F-491D-A44C-160FF498972D}.Debug|Any CPU.ActiveCfg = Debug|Any CPU
		{F4D2E2D4-5C6F-491D-A44C-160FF498972D}.Debug|Any CPU.Build.0 = Debug|Any CPU
		{F4D2E2D4-5C6F-491D-A44C-160FF498972D}.Release|Any CPU.ActiveCfg = Release|Any CPU
		{F4D2E2D4-5C6F-491D-A44C-160FF498972D}.Release|Any CPU.Build.0 = Release|Any CPU
	EndGlobalSection
	GlobalSection(SolutionProperties) = preSolution
		HideSolutionNode = FALSE
	EndGlobalSection
	GlobalSection(ExtensibilityGlobals) = postSolution
		SolutionGuid = {C213C723-4FBE-4B53-9A66-BDA0C6B8196A}
	EndGlobalSection
EndGlobal
