
Microsoft Visual Studio Solution File, Format Version 12.00
# Visual Studio Version 17
VisualStudioVersion = 17.4.33103.184
MinimumVisualStudioVersion = 10.0.40219.1
Project("{FAE04EC0-301F-11D3-BF4B-00C04F79EFBC}") = "1052", "1052.csproj", "{68510981-14AC-48EB-8EAA-107FDDE7D714}"
EndProject
Global
	GlobalSection(SolutionConfigurationPlatforms) = preSolution
		Debug|Any CPU = Debug|Any CPU
		Release|Any CPU = Release|Any CPU
	EndGlobalSection
	GlobalSection(ProjectConfigurationPlatforms) = postSolution
		{68510981-14AC-48EB-8EAA-107FDDE7D714}.Debug|Any CPU.ActiveCfg = Debug|Any CPU
		{68510981-14AC-48EB-8EAA-107FDDE7D714}.Debug|Any CPU.Build.0 = Debug|Any CPU
		{68510981-14AC-48EB-8EAA-107FDDE7D714}.Release|Any CPU.ActiveCfg = Release|Any CPU
		{68510981-14AC-48EB-8EAA-107FDDE7D714}.Release|Any CPU.Build.0 = Release|Any CPU
	EndGlobalSection
	GlobalSection(SolutionProperties) = preSolution
		HideSolutionNode = FALSE
	EndGlobalSection
	GlobalSection(ExtensibilityGlobals) = postSolution
		SolutionGuid = {D0D49AFA-E39D-4DCC-B457-FF479C734960}
	EndGlobalSection
EndGlobal
