
Microsoft Visual Studio Solution File, Format Version 12.00
# Visual Studio Version 17
VisualStudioVersion = 17.4.33103.184
MinimumVisualStudioVersion = 10.0.40219.1
Project("{FAE04EC0-301F-11D3-BF4B-00C04F79EFBC}") = "1099", "1099.csproj", "{EDFD6AAB-06AB-4982-9C77-A23FBD24539D}"
EndProject
Global
	GlobalSection(SolutionConfigurationPlatforms) = preSolution
		Debug|Any CPU = Debug|Any CPU
		Release|Any CPU = Release|Any CPU
	EndGlobalSection
	GlobalSection(ProjectConfigurationPlatforms) = postSolution
		{EDFD6AAB-06AB-4982-9C77-A23FBD24539D}.Debug|Any CPU.ActiveCfg = Debug|Any CPU
		{EDFD6AAB-06AB-4982-9C77-A23FBD24539D}.Debug|Any CPU.Build.0 = Debug|Any CPU
		{EDFD6AAB-06AB-4982-9C77-A23FBD24539D}.Release|Any CPU.ActiveCfg = Release|Any CPU
		{EDFD6AAB-06AB-4982-9C77-A23FBD24539D}.Release|Any CPU.Build.0 = Release|Any CPU
	EndGlobalSection
	GlobalSection(SolutionProperties) = preSolution
		HideSolutionNode = FALSE
	EndGlobalSection
	GlobalSection(ExtensibilityGlobals) = postSolution
		SolutionGuid = {D76E9494-3C46-4AD9-8372-83071D2B8A6E}
	EndGlobalSection
EndGlobal
