
Microsoft Visual Studio Solution File, Format Version 12.00
# Visual Studio Version 17
VisualStudioVersion = 17.4.33103.184
MinimumVisualStudioVersion = 10.0.40219.1
Project("{FAE04EC0-301F-11D3-BF4B-00C04F79EFBC}") = "1080", "1080.csproj", "{06863EE4-D237-4424-BE15-BBBB4F051B14}"
EndProject
Global
	GlobalSection(SolutionConfigurationPlatforms) = preSolution
		Debug|Any CPU = Debug|Any CPU
		Release|Any CPU = Release|Any CPU
	EndGlobalSection
	GlobalSection(ProjectConfigurationPlatforms) = postSolution
		{06863EE4-D237-4424-BE15-BBBB4F051B14}.Debug|Any CPU.ActiveCfg = Debug|Any CPU
		{06863EE4-D237-4424-BE15-BBBB4F051B14}.Debug|Any CPU.Build.0 = Debug|Any CPU
		{06863EE4-D237-4424-BE15-BBBB4F051B14}.Release|Any CPU.ActiveCfg = Release|Any CPU
		{06863EE4-D237-4424-BE15-BBBB4F051B14}.Release|Any CPU.Build.0 = Release|Any CPU
	EndGlobalSection
	GlobalSection(SolutionProperties) = preSolution
		HideSolutionNode = FALSE
	EndGlobalSection
	GlobalSection(ExtensibilityGlobals) = postSolution
		SolutionGuid = {653912F4-2326-45D2-9B80-5CCC4FD19229}
	EndGlobalSection
EndGlobal
