
Microsoft Visual Studio Solution File, Format Version 12.00
# Visual Studio Version 17
VisualStudioVersion = 17.4.33103.184
MinimumVisualStudioVersion = 10.0.40219.1
Project("{FAE04EC0-301F-11D3-BF4B-00C04F79EFBC}") = "1012", "1012.csproj", "{BAD6AA7B-F8BE-4EF5-A802-743A2231A1A7}"
EndProject
Global
	GlobalSection(SolutionConfigurationPlatforms) = preSolution
		Debug|Any CPU = Debug|Any CPU
		Release|Any CPU = Release|Any CPU
	EndGlobalSection
	GlobalSection(ProjectConfigurationPlatforms) = postSolution
		{BAD6AA7B-F8BE-4EF5-A802-743A2231A1A7}.Debug|Any CPU.ActiveCfg = Debug|Any CPU
		{BAD6AA7B-F8BE-4EF5-A802-743A2231A1A7}.Debug|Any CPU.Build.0 = Debug|Any CPU
		{BAD6AA7B-F8BE-4EF5-A802-743A2231A1A7}.Release|Any CPU.ActiveCfg = Release|Any CPU
		{BAD6AA7B-F8BE-4EF5-A802-743A2231A1A7}.Release|Any CPU.Build.0 = Release|Any CPU
	EndGlobalSection
	GlobalSection(SolutionProperties) = preSolution
		HideSolutionNode = FALSE
	EndGlobalSection
	GlobalSection(ExtensibilityGlobals) = postSolution
		SolutionGuid = {191BCAD5-1E3E-4CE4-A1B6-1CA279ECFC3A}
	EndGlobalSection
EndGlobal
