
Microsoft Visual Studio Solution File, Format Version 12.00
# Visual Studio Version 17
VisualStudioVersion = 17.4.33103.184
MinimumVisualStudioVersion = 10.0.40219.1
Project("{FAE04EC0-301F-11D3-BF4B-00C04F79EFBC}") = "1017", "1017.csproj", "{A6BA8E1C-0CB2-4FDA-935C-209763FB2186}"
EndProject
Global
	GlobalSection(SolutionConfigurationPlatforms) = preSolution
		Debug|Any CPU = Debug|Any CPU
		Release|Any CPU = Release|Any CPU
	EndGlobalSection
	GlobalSection(ProjectConfigurationPlatforms) = postSolution
		{A6BA8E1C-0CB2-4FDA-935C-209763FB2186}.Debug|Any CPU.ActiveCfg = Debug|Any CPU
		{A6BA8E1C-0CB2-4FDA-935C-209763FB2186}.Debug|Any CPU.Build.0 = Debug|Any CPU
		{A6BA8E1C-0CB2-4FDA-935C-209763FB2186}.Release|Any CPU.ActiveCfg = Release|Any CPU
		{A6BA8E1C-0CB2-4FDA-935C-209763FB2186}.Release|Any CPU.Build.0 = Release|Any CPU
	EndGlobalSection
	GlobalSection(SolutionProperties) = preSolution
		HideSolutionNode = FALSE
	EndGlobalSection
	GlobalSection(ExtensibilityGlobals) = postSolution
		SolutionGuid = {2F7D197E-9430-4C64-A8AF-74735B1F6FBD}
	EndGlobalSection
EndGlobal
