
Microsoft Visual Studio Solution File, Format Version 12.00
# Visual Studio Version 17
VisualStudioVersion = 17.4.33103.184
MinimumVisualStudioVersion = 10.0.40219.1
Project("{FAE04EC0-301F-11D3-BF4B-00C04F79EFBC}") = "1113", "1113.csproj", "{94B70BDE-3212-48A6-9A80-AFD1A9062CEB}"
EndProject
Global
	GlobalSection(SolutionConfigurationPlatforms) = preSolution
		Debug|Any CPU = Debug|Any CPU
		Release|Any CPU = Release|Any CPU
	EndGlobalSection
	GlobalSection(ProjectConfigurationPlatforms) = postSolution
		{94B70BDE-3212-48A6-9A80-AFD1A9062CEB}.Debug|Any CPU.ActiveCfg = Debug|Any CPU
		{94B70BDE-3212-48A6-9A80-AFD1A9062CEB}.Debug|Any CPU.Build.0 = Debug|Any CPU
		{94B70BDE-3212-48A6-9A80-AFD1A9062CEB}.Release|Any CPU.ActiveCfg = Release|Any CPU
		{94B70BDE-3212-48A6-9A80-AFD1A9062CEB}.Release|Any CPU.Build.0 = Release|Any CPU
	EndGlobalSection
	GlobalSection(SolutionProperties) = preSolution
		HideSolutionNode = FALSE
	EndGlobalSection
	GlobalSection(ExtensibilityGlobals) = postSolution
		SolutionGuid = {BF63CD11-C99F-4B65-92AE-38D6D462FEF8}
	EndGlobalSection
EndGlobal
